
Microsoft Visual Studio Solution File, Format Version 12.00
# Visual Studio Version 17
VisualStudioVersion = 17.9.34728.123
MinimumVisualStudioVersion = 10.0.40219.1
Project("{9A19103F-16F7-4668-BE54-9A1E7A4F7556}") = "smrtstm2decoder", "smrtstm2decoder\smrtstm2decoder.csproj", "{07132384-370C-4616-AD7E-195FB7D6C010}"
EndProject
Global
	GlobalSection(SolutionConfigurationPlatforms) = preSolution
		Debug|Any CPU = Debug|Any CPU
		Release|Any CPU = Release|Any CPU
	EndGlobalSection
	GlobalSection(ProjectConfigurationPlatforms) = postSolution
		{07132384-370C-4616-AD7E-195FB7D6C010}.Debug|Any CPU.ActiveCfg = Debug|Any CPU
		{07132384-370C-4616-AD7E-195FB7D6C010}.Debug|Any CPU.Build.0 = Debug|Any CPU
		{07132384-370C-4616-AD7E-195FB7D6C010}.Release|Any CPU.ActiveCfg = Release|Any CPU
		{07132384-370C-4616-AD7E-195FB7D6C010}.Release|Any CPU.Build.0 = Release|Any CPU
	EndGlobalSection
	GlobalSection(SolutionProperties) = preSolution
		HideSolutionNode = FALSE
	EndGlobalSection
	GlobalSection(ExtensibilityGlobals) = postSolution
		SolutionGuid = {23D3A849-E475-4874-80E0-49E1523B569D}
	EndGlobalSection
EndGlobal
